
Microsoft Visual Studio Solution File, Format Version 12.00
# Visual Studio Version 17
VisualStudioVersion = 17.9.34622.214
MinimumVisualStudioVersion = 10.0.40219.1
Project("{9A19103F-16F7-4668-BE54-9A1E7A4F7556}") = "EShop.Web", "EShop.Web\EShop.Web.csproj", "{B2A802CD-2F04-42C6-BC5F-390D864D7583}"
EndProject
Project("{FAE04EC0-301F-11D3-BF4B-00C04F79EFBC}") = "EShop.Domain", "EShop.Domain\EShop.Domain.csproj", "{3EB8CACB-EB22-4DA1-A69F-C4C5517DA540}"
EndProject
Project("{FAE04EC0-301F-11D3-BF4B-00C04F79EFBC}") = "EShop.Repository", "EShop.Repository\EShop.Repository.csproj", "{8E9F5A6D-B452-4C63-A32D-807C29C8745E}"
EndProject
Project("{FAE04EC0-301F-11D3-BF4B-00C04F79EFBC}") = "EShop.Service", "EShop.Service\EShop.Service.csproj", "{AC01A32A-A395-4C3C-8D3F-9787F787B501}"
EndProject
Global
	GlobalSection(SolutionConfigurationPlatforms) = preSolution
		Debug|Any CPU = Debug|Any CPU
		Release|Any CPU = Release|Any CPU
	EndGlobalSection
	GlobalSection(ProjectConfigurationPlatforms) = postSolution
		{B2A802CD-2F04-42C6-BC5F-390D864D7583}.Debug|Any CPU.ActiveCfg = Debug|Any CPU
		{B2A802CD-2F04-42C6-BC5F-390D864D7583}.Debug|Any CPU.Build.0 = Debug|Any CPU
		{B2A802CD-2F04-42C6-BC5F-390D864D7583}.Release|Any CPU.ActiveCfg = Release|Any CPU
		{B2A802CD-2F04-42C6-BC5F-390D864D7583}.Release|Any CPU.Build.0 = Release|Any CPU
		{3EB8CACB-EB22-4DA1-A69F-C4C5517DA540}.Debug|Any CPU.ActiveCfg = Debug|Any CPU
		{3EB8CACB-EB22-4DA1-A69F-C4C5517DA540}.Debug|Any CPU.Build.0 = Debug|Any CPU
		{3EB8CACB-EB22-4DA1-A69F-C4C5517DA540}.Release|Any CPU.ActiveCfg = Release|Any CPU
		{3EB8CACB-EB22-4DA1-A69F-C4C5517DA540}.Release|Any CPU.Build.0 = Release|Any CPU
		{8E9F5A6D-B452-4C63-A32D-807C29C8745E}.Debug|Any CPU.ActiveCfg = Debug|Any CPU
		{8E9F5A6D-B452-4C63-A32D-807C29C8745E}.Debug|Any CPU.Build.0 = Debug|Any CPU
		{8E9F5A6D-B452-4C63-A32D-807C29C8745E}.Release|Any CPU.ActiveCfg = Release|Any CPU
		{8E9F5A6D-B452-4C63-A32D-807C29C8745E}.Release|Any CPU.Build.0 = Release|Any CPU
		{AC01A32A-A395-4C3C-8D3F-9787F787B501}.Debug|Any CPU.ActiveCfg = Debug|Any CPU
		{AC01A32A-A395-4C3C-8D3F-9787F787B501}.Debug|Any CPU.Build.0 = Debug|Any CPU
		{AC01A32A-A395-4C3C-8D3F-9787F787B501}.Release|Any CPU.ActiveCfg = Release|Any CPU
		{AC01A32A-A395-4C3C-8D3F-9787F787B501}.Release|Any CPU.Build.0 = Release|Any CPU
	EndGlobalSection
	GlobalSection(SolutionProperties) = preSolution
		HideSolutionNode = FALSE
	EndGlobalSection
	GlobalSection(ExtensibilityGlobals) = postSolution
		SolutionGuid = {980003DF-0E05-4218-A1CF-32FD034C070B}
	EndGlobalSection
EndGlobal
